{
  "requires": true,
  "lockfileVersion": 1,
  "dependencies": {
    "@babel/runtime": {
      "version": "7.16.3",
      "resolved": "https://registry.npmjs.org/@babel/runtime/-/runtime-7.16.3.tgz",
      "integrity": "sha512-WBwekcqacdY2e9AF/Q7WLFUWmdJGJTkbjqTjoMDgXkVZ3ZRUvOPsLb5KdwISoQVsbP+DQzVZW4Zhci0DvpbNTQ==",
      "requires": {
        "regenerator-runtime": "^0.13.4"
      }
    },
    "@mui/icons-material": {
      "version": "5.2.0",
      "resolved": "https://registry.npmjs.org/@mui/icons-material/-/icons-material-5.2.0.tgz",
      "integrity": "sha512-NvyrVaGKpP4R1yFw8BCnE0QcsQ67RtpgxPr4FtH8q60MDYPuPVczLOn5Ash5CFavoDWur/NfM/4DpT54yf3InA==",
      "requires": {
        "@babel/runtime": "^7.16.3"
      }
    },
    "regenerator-runtime": {
      "version": "0.13.9",
      "resolved": "https://registry.npmjs.org/regenerator-runtime/-/regenerator-runtime-0.13.9.tgz",
      "integrity": "sha512-p3VT+cOEgxFsRRA9X4lkI1E+k2/CtnKtU4gcxyaCUreilL/vqI6CdZ3wxVUx3UOUg+gnUOQQcRI7BmSI656MYA=="
    }
  }
}
